
Microsoft Visual Studio Solution File, Format Version 12.00
# Visual Studio Version 18
VisualStudioVersion = 18.0.11222.15
MinimumVisualStudioVersion = 10.0.40219.1
Project("{2150E333-8FDC-42A3-9474-1A3956D46DE8}") = "Services", "Services", "{36D591C7-65C7-A0D1-1CBC-10CDE441BDC8}"
	ProjectSection(SolutionItems) = preProject
		docker-compose.yml = docker-compose.yml
	EndProjectSection
EndProject
Project("{2150E333-8FDC-42A3-9474-1A3956D46DE8}") = "Common", "Common", "{973C095C-6BED-4DFB-A20A-AA08425AF967}"
EndProject
Project("{FAE04EC0-301F-11D3-BF4B-00C04F79EFBC}") = "Shared", "Common\Shared\Shared.csproj", "{DDDDA788-AFC7-4AB9-A0FF-04BCFC023130}"
EndProject
Project("{2150E333-8FDC-42A3-9474-1A3956D46DE8}") = "History", "History", "{46B42DAD-B6F5-4557-8CA9-D54B2F29ABFB}"
	ProjectSection(SolutionItems) = preProject
		Services\History\Dockerfile = Services\History\Dockerfile
	EndProjectSection
EndProject
Project("{FAE04EC0-301F-11D3-BF4B-00C04F79EFBC}") = "EmployeesTasksTracker.HistoryService.Infrastructure", "Services\History\EmployeesTasksTracker.HistoryService.Infrastructure\EmployeesTasksTracker.HistoryService.Infrastructure.csproj", "{1EE75E90-BE8B-4637-9780-274CB8FFEBB4}"
EndProject
Project("{FAE04EC0-301F-11D3-BF4B-00C04F79EFBC}") = "EmployeesTasksTracker.HistoryService.Core", "Services\History\EmployeesTasksTracker.HistoryService.Core\EmployeesTasksTracker.HistoryService.Core.csproj", "{FFAC1E78-F0A1-4D5A-B082-A788CE5D4090}"
EndProject
Project("{FAE04EC0-301F-11D3-BF4B-00C04F79EFBC}") = "EmployeesTasksTracker.HistoryService.Application", "Services\History\EmployeesTasksTracker.HistoryService.Application\EmployeesTasksTracker.HistoryService.Application.csproj", "{DB46EF40-B72D-43B0-874A-9AF2B43DAB93}"
EndProject
Project("{FAE04EC0-301F-11D3-BF4B-00C04F79EFBC}") = "EmployeesTasksTracker.HistoryService.Api", "Services\History\EmployeesTasksTracker.HistoryService.Api\EmployeesTasksTracker.HistoryService.Api.csproj", "{2F636783-4433-47DA-B04B-381509EE57E0}"
EndProject
Project("{2150E333-8FDC-42A3-9474-1A3956D46DE8}") = "Notification", "Notification", "{8979B9A1-9E5A-4485-BB82-E2D834F5B016}"
	ProjectSection(SolutionItems) = preProject
		Services\Notification\Dockerfile = Services\Notification\Dockerfile
	EndProjectSection
EndProject
Project("{FAE04EC0-301F-11D3-BF4B-00C04F79EFBC}") = "EmployeesTasksTracker.NotificationService", "Services\Notification\EmployeesTasksTracker.NotificationService\EmployeesTasksTracker.NotificationService.csproj", "{E393C1A3-F355-F46E-33AB-AE21E374A2B2}"
EndProject
Project("{2150E333-8FDC-42A3-9474-1A3956D46DE8}") = "TasksTrackerService", "TasksTrackerService", "{7FFA42A4-8AA8-404B-9E8A-C76ACB038ECD}"
	ProjectSection(SolutionItems) = preProject
		Services\TasksTrackerService\Dockerfile = Services\TasksTrackerService\Dockerfile
	EndProjectSection
EndProject
Project("{FAE04EC0-301F-11D3-BF4B-00C04F79EFBC}") = "EmployeesTasksTracker.TasksTrackerService.Api", "Services\TasksTrackerService\EmployeesTasksTracker.TasksTrackerService.Api\EmployeesTasksTracker.TasksTrackerService.Api.csproj", "{F927107E-9448-4AB5-BC91-390DC531824E}"
EndProject
Project("{FAE04EC0-301F-11D3-BF4B-00C04F79EFBC}") = "EmployeesTasksTracker.TasksTrackerService.Application", "Services\TasksTrackerService\EmployeesTasksTracker.TasksTrackerService.Application\EmployeesTasksTracker.TasksTrackerService.Application.csproj", "{DF67CA1C-47FD-4D87-BB3E-A909647DA192}"
EndProject
Project("{FAE04EC0-301F-11D3-BF4B-00C04F79EFBC}") = "EmployeesTasksTracker.TasksTrackerService.Infrastructure", "Services\TasksTrackerService\EmployeesTasksTracker.TasksTrackerService.Infrastructure\EmployeesTasksTracker.TasksTrackerService.Infrastructure.csproj", "{AED83C43-FD80-4BDF-91C2-5B7272E65A15}"
EndProject
Project("{FAE04EC0-301F-11D3-BF4B-00C04F79EFBC}") = "EmployeesTasksTracker.TasksTrackerService.Core", "Services\TasksTrackerService\EmployeesTasksTracker.TasksTrackerService.Core\EmployeesTasksTracker.TasksTrackerService.Core.csproj", "{F0547B9D-3F07-41D4-89C7-20AD09EA3F5D}"
EndProject
Project("{2150E333-8FDC-42A3-9474-1A3956D46DE8}") = "Tests", "Tests", "{3A2958DB-9710-437E-A3ED-DFFBECE9A94A}"
EndProject
Project("{FAE04EC0-301F-11D3-BF4B-00C04F79EFBC}") = "xUnit", "Tests\xUnit\xUnit.csproj", "{4059DF31-918A-4648-9E2B-DB12D0C164EC}"
EndProject
Global
	GlobalSection(SolutionConfigurationPlatforms) = preSolution
		Debug|Any CPU = Debug|Any CPU
		Release|Any CPU = Release|Any CPU
	EndGlobalSection
	GlobalSection(ProjectConfigurationPlatforms) = postSolution
		{DDDDA788-AFC7-4AB9-A0FF-04BCFC023130}.Debug|Any CPU.ActiveCfg = Debug|Any CPU
		{DDDDA788-AFC7-4AB9-A0FF-04BCFC023130}.Debug|Any CPU.Build.0 = Debug|Any CPU
		{DDDDA788-AFC7-4AB9-A0FF-04BCFC023130}.Release|Any CPU.ActiveCfg = Release|Any CPU
		{DDDDA788-AFC7-4AB9-A0FF-04BCFC023130}.Release|Any CPU.Build.0 = Release|Any CPU
		{1EE75E90-BE8B-4637-9780-274CB8FFEBB4}.Debug|Any CPU.ActiveCfg = Debug|Any CPU
		{1EE75E90-BE8B-4637-9780-274CB8FFEBB4}.Debug|Any CPU.Build.0 = Debug|Any CPU
		{1EE75E90-BE8B-4637-9780-274CB8FFEBB4}.Release|Any CPU.ActiveCfg = Release|Any CPU
		{1EE75E90-BE8B-4637-9780-274CB8FFEBB4}.Release|Any CPU.Build.0 = Release|Any CPU
		{FFAC1E78-F0A1-4D5A-B082-A788CE5D4090}.Debug|Any CPU.ActiveCfg = Debug|Any CPU
		{FFAC1E78-F0A1-4D5A-B082-A788CE5D4090}.Debug|Any CPU.Build.0 = Debug|Any CPU
		{FFAC1E78-F0A1-4D5A-B082-A788CE5D4090}.Release|Any CPU.ActiveCfg = Release|Any CPU
		{FFAC1E78-F0A1-4D5A-B082-A788CE5D4090}.Release|Any CPU.Build.0 = Release|Any CPU
		{DB46EF40-B72D-43B0-874A-9AF2B43DAB93}.Debug|Any CPU.ActiveCfg = Debug|Any CPU
		{DB46EF40-B72D-43B0-874A-9AF2B43DAB93}.Debug|Any CPU.Build.0 = Debug|Any CPU
		{DB46EF40-B72D-43B0-874A-9AF2B43DAB93}.Release|Any CPU.ActiveCfg = Release|Any CPU
		{DB46EF40-B72D-43B0-874A-9AF2B43DAB93}.Release|Any CPU.Build.0 = Release|Any CPU
		{2F636783-4433-47DA-B04B-381509EE57E0}.Debug|Any CPU.ActiveCfg = Debug|Any CPU
		{2F636783-4433-47DA-B04B-381509EE57E0}.Debug|Any CPU.Build.0 = Debug|Any CPU
		{2F636783-4433-47DA-B04B-381509EE57E0}.Release|Any CPU.ActiveCfg = Release|Any CPU
		{2F636783-4433-47DA-B04B-381509EE57E0}.Release|Any CPU.Build.0 = Release|Any CPU
		{E393C1A3-F355-F46E-33AB-AE21E374A2B2}.Debug|Any CPU.ActiveCfg = Debug|Any CPU
		{E393C1A3-F355-F46E-33AB-AE21E374A2B2}.Debug|Any CPU.Build.0 = Debug|Any CPU
		{E393C1A3-F355-F46E-33AB-AE21E374A2B2}.Release|Any CPU.ActiveCfg = Release|Any CPU
		{E393C1A3-F355-F46E-33AB-AE21E374A2B2}.Release|Any CPU.Build.0 = Release|Any CPU
		{F927107E-9448-4AB5-BC91-390DC531824E}.Debug|Any CPU.ActiveCfg = Debug|Any CPU
		{F927107E-9448-4AB5-BC91-390DC531824E}.Debug|Any CPU.Build.0 = Debug|Any CPU
		{F927107E-9448-4AB5-BC91-390DC531824E}.Release|Any CPU.ActiveCfg = Release|Any CPU
		{F927107E-9448-4AB5-BC91-390DC531824E}.Release|Any CPU.Build.0 = Release|Any CPU
		{DF67CA1C-47FD-4D87-BB3E-A909647DA192}.Debug|Any CPU.ActiveCfg = Debug|Any CPU
		{DF67CA1C-47FD-4D87-BB3E-A909647DA192}.Debug|Any CPU.Build.0 = Debug|Any CPU
		{DF67CA1C-47FD-4D87-BB3E-A909647DA192}.Release|Any CPU.ActiveCfg = Release|Any CPU
		{DF67CA1C-47FD-4D87-BB3E-A909647DA192}.Release|Any CPU.Build.0 = Release|Any CPU
		{AED83C43-FD80-4BDF-91C2-5B7272E65A15}.Debug|Any CPU.ActiveCfg = Debug|Any CPU
		{AED83C43-FD80-4BDF-91C2-5B7272E65A15}.Debug|Any CPU.Build.0 = Debug|Any CPU
		{AED83C43-FD80-4BDF-91C2-5B7272E65A15}.Release|Any CPU.ActiveCfg = Release|Any CPU
		{AED83C43-FD80-4BDF-91C2-5B7272E65A15}.Release|Any CPU.Build.0 = Release|Any CPU
		{F0547B9D-3F07-41D4-89C7-20AD09EA3F5D}.Debug|Any CPU.ActiveCfg = Debug|Any CPU
		{F0547B9D-3F07-41D4-89C7-20AD09EA3F5D}.Debug|Any CPU.Build.0 = Debug|Any CPU
		{F0547B9D-3F07-41D4-89C7-20AD09EA3F5D}.Release|Any CPU.ActiveCfg = Release|Any CPU
		{F0547B9D-3F07-41D4-89C7-20AD09EA3F5D}.Release|Any CPU.Build.0 = Release|Any CPU
		{4059DF31-918A-4648-9E2B-DB12D0C164EC}.Debug|Any CPU.ActiveCfg = Debug|Any CPU
		{4059DF31-918A-4648-9E2B-DB12D0C164EC}.Debug|Any CPU.Build.0 = Debug|Any CPU
		{4059DF31-918A-4648-9E2B-DB12D0C164EC}.Release|Any CPU.ActiveCfg = Release|Any CPU
		{4059DF31-918A-4648-9E2B-DB12D0C164EC}.Release|Any CPU.Build.0 = Release|Any CPU
	EndGlobalSection
	GlobalSection(SolutionProperties) = preSolution
		HideSolutionNode = FALSE
	EndGlobalSection
	GlobalSection(NestedProjects) = preSolution
		{DDDDA788-AFC7-4AB9-A0FF-04BCFC023130} = {973C095C-6BED-4DFB-A20A-AA08425AF967}
		{46B42DAD-B6F5-4557-8CA9-D54B2F29ABFB} = {36D591C7-65C7-A0D1-1CBC-10CDE441BDC8}
		{1EE75E90-BE8B-4637-9780-274CB8FFEBB4} = {46B42DAD-B6F5-4557-8CA9-D54B2F29ABFB}
		{FFAC1E78-F0A1-4D5A-B082-A788CE5D4090} = {46B42DAD-B6F5-4557-8CA9-D54B2F29ABFB}
		{DB46EF40-B72D-43B0-874A-9AF2B43DAB93} = {46B42DAD-B6F5-4557-8CA9-D54B2F29ABFB}
		{2F636783-4433-47DA-B04B-381509EE57E0} = {46B42DAD-B6F5-4557-8CA9-D54B2F29ABFB}
		{8979B9A1-9E5A-4485-BB82-E2D834F5B016} = {36D591C7-65C7-A0D1-1CBC-10CDE441BDC8}
		{E393C1A3-F355-F46E-33AB-AE21E374A2B2} = {8979B9A1-9E5A-4485-BB82-E2D834F5B016}
		{7FFA42A4-8AA8-404B-9E8A-C76ACB038ECD} = {36D591C7-65C7-A0D1-1CBC-10CDE441BDC8}
		{F927107E-9448-4AB5-BC91-390DC531824E} = {7FFA42A4-8AA8-404B-9E8A-C76ACB038ECD}
		{DF67CA1C-47FD-4D87-BB3E-A909647DA192} = {7FFA42A4-8AA8-404B-9E8A-C76ACB038ECD}
		{AED83C43-FD80-4BDF-91C2-5B7272E65A15} = {7FFA42A4-8AA8-404B-9E8A-C76ACB038ECD}
		{F0547B9D-3F07-41D4-89C7-20AD09EA3F5D} = {7FFA42A4-8AA8-404B-9E8A-C76ACB038ECD}
		{4059DF31-918A-4648-9E2B-DB12D0C164EC} = {3A2958DB-9710-437E-A3ED-DFFBECE9A94A}
	EndGlobalSection
	GlobalSection(ExtensibilityGlobals) = postSolution
		SolutionGuid = {341B74ED-0792-4146-AAFD-C8BEF49DBB82}
	EndGlobalSection
EndGlobal
